
Microsoft Visual Studio Solution File, Format Version 12.00
# Visual Studio 15
VisualStudioVersion = 15.0.26124.0
MinimumVisualStudioVersion = 15.0.26124.0
Project("{2150E333-8FDC-42A3-9474-1A3956D46DE8}") = "src", "src", "{92BF35FC-749E-430B-9645-7BE342A922E4}"
EndProject
Project("{FAE04EC0-301F-11D3-BF4B-00C04F79EFBC}") = "TodoList.Web", "src\TodoList.Web\TodoList.Web.csproj", "{5D70F2C7-ADB3-4421-9398-9DC7CADF0D46}"
EndProject
Project("{2150E333-8FDC-42A3-9474-1A3956D46DE8}") = "test", "test", "{557636F5-B45C-44CA-8BBA-91B9D4218B9C}"
EndProject
Project("{FAE04EC0-301F-11D3-BF4B-00C04F79EFBC}") = "TodoList.Web.Tests", "test\TodoList.Web.Tests\TodoList.Web.Tests.csproj", "{817EDE68-2977-4F3B-BB31-161C6D741483}"
EndProject
Global
	GlobalSection(SolutionConfigurationPlatforms) = preSolution
		Debug|Any CPU = Debug|Any CPU
		Debug|x64 = Debug|x64
		Debug|x86 = Debug|x86
		Release|Any CPU = Release|Any CPU
		Release|x64 = Release|x64
		Release|x86 = Release|x86
	EndGlobalSection
	GlobalSection(SolutionProperties) = preSolution
		HideSolutionNode = FALSE
	EndGlobalSection
	GlobalSection(ProjectConfigurationPlatforms) = postSolution
		{5D70F2C7-ADB3-4421-9398-9DC7CADF0D46}.Debug|Any CPU.ActiveCfg = Debug|Any CPU
		{5D70F2C7-ADB3-4421-9398-9DC7CADF0D46}.Debug|Any CPU.Build.0 = Debug|Any CPU
		{5D70F2C7-ADB3-4421-9398-9DC7CADF0D46}.Debug|x64.ActiveCfg = Debug|Any CPU
		{5D70F2C7-ADB3-4421-9398-9DC7CADF0D46}.Debug|x64.Build.0 = Debug|Any CPU
		{5D70F2C7-ADB3-4421-9398-9DC7CADF0D46}.Debug|x86.ActiveCfg = Debug|Any CPU
		{5D70F2C7-ADB3-4421-9398-9DC7CADF0D46}.Debug|x86.Build.0 = Debug|Any CPU
		{5D70F2C7-ADB3-4421-9398-9DC7CADF0D46}.Release|Any CPU.ActiveCfg = Release|Any CPU
		{5D70F2C7-ADB3-4421-9398-9DC7CADF0D46}.Release|Any CPU.Build.0 = Release|Any CPU
		{5D70F2C7-ADB3-4421-9398-9DC7CADF0D46}.Release|x64.ActiveCfg = Release|Any CPU
		{5D70F2C7-ADB3-4421-9398-9DC7CADF0D46}.Release|x64.Build.0 = Release|Any CPU
		{5D70F2C7-ADB3-4421-9398-9DC7CADF0D46}.Release|x86.ActiveCfg = Release|Any CPU
		{5D70F2C7-ADB3-4421-9398-9DC7CADF0D46}.Release|x86.Build.0 = Release|Any CPU
		{817EDE68-2977-4F3B-BB31-161C6D741483}.Debug|Any CPU.ActiveCfg = Debug|Any CPU
		{817EDE68-2977-4F3B-BB31-161C6D741483}.Debug|Any CPU.Build.0 = Debug|Any CPU
		{817EDE68-2977-4F3B-BB31-161C6D741483}.Debug|x64.ActiveCfg = Debug|Any CPU
		{817EDE68-2977-4F3B-BB31-161C6D741483}.Debug|x64.Build.0 = Debug|Any CPU
		{817EDE68-2977-4F3B-BB31-161C6D741483}.Debug|x86.ActiveCfg = Debug|Any CPU
		{817EDE68-2977-4F3B-BB31-161C6D741483}.Debug|x86.Build.0 = Debug|Any CPU
		{817EDE68-2977-4F3B-BB31-161C6D741483}.Release|Any CPU.ActiveCfg = Release|Any CPU
		{817EDE68-2977-4F3B-BB31-161C6D741483}.Release|Any CPU.Build.0 = Release|Any CPU
		{817EDE68-2977-4F3B-BB31-161C6D741483}.Release|x64.ActiveCfg = Release|Any CPU
		{817EDE68-2977-4F3B-BB31-161C6D741483}.Release|x64.Build.0 = Release|Any CPU
		{817EDE68-2977-4F3B-BB31-161C6D741483}.Release|x86.ActiveCfg = Release|Any CPU
		{817EDE68-2977-4F3B-BB31-161C6D741483}.Release|x86.Build.0 = Release|Any CPU
	EndGlobalSection
	GlobalSection(NestedProjects) = preSolution
		{5D70F2C7-ADB3-4421-9398-9DC7CADF0D46} = {92BF35FC-749E-430B-9645-7BE342A922E4}
		{817EDE68-2977-4F3B-BB31-161C6D741483} = {557636F5-B45C-44CA-8BBA-91B9D4218B9C}
	EndGlobalSection
EndGlobal
