
Microsoft Visual Studio Solution File, Format Version 12.00
Project("{FAE04EC0-301F-11D3-BF4B-00C04F79EFBC}") = "TodoList.Web", "src\TodoList.Web\TodoList.Web.csproj", "{5D70F2C7-ADB3-4421-9398-9DC7CADF0D46}"
EndProject
Project("{FAE04EC0-301F-11D3-BF4B-00C04F79EFBC}") = "TodoList.Web.Tests", "test\TodoList.Web.Tests\TodoList.Web.Tests.csproj", "{817EDE68-2977-4F3B-BB31-161C6D741483}"
EndProject
Global
	GlobalSection(SolutionConfigurationPlatforms) = preSolution
		Debug|Any CPU = Debug|Any CPU
		Release|Any CPU = Release|Any CPU
	EndGlobalSection
	GlobalSection(ProjectConfigurationPlatforms) = postSolution
		{5D70F2C7-ADB3-4421-9398-9DC7CADF0D46}.Debug|Any CPU.ActiveCfg = Debug|Any CPU
		{5D70F2C7-ADB3-4421-9398-9DC7CADF0D46}.Debug|Any CPU.Build.0 = Debug|Any CPU
		{5D70F2C7-ADB3-4421-9398-9DC7CADF0D46}.Release|Any CPU.ActiveCfg = Release|Any CPU
		{5D70F2C7-ADB3-4421-9398-9DC7CADF0D46}.Release|Any CPU.Build.0 = Release|Any CPU
		{817EDE68-2977-4F3B-BB31-161C6D741483}.Debug|Any CPU.ActiveCfg = Debug|Any CPU
		{817EDE68-2977-4F3B-BB31-161C6D741483}.Debug|Any CPU.Build.0 = Debug|Any CPU
		{817EDE68-2977-4F3B-BB31-161C6D741483}.Release|Any CPU.ActiveCfg = Release|Any CPU
		{817EDE68-2977-4F3B-BB31-161C6D741483}.Release|Any CPU.Build.0 = Release|Any CPU
	EndGlobalSection
EndGlobal
